
Microsoft Visual Studio Solution File, Format Version 12.00
# Visual Studio Version 17
VisualStudioVersion = 17.0.31903.59
MinimumVisualStudioVersion = 10.0.40219.1
Project("{FAE04EC0-301F-11D3-BF4B-00C04F79EFBC}") = "Repositorio", "Repositorio\Repositorio.csproj", "{9D7EA2B8-FC64-4CE4-A572-A49F6B9A3213}"
EndProject
Project("{FAE04EC0-301F-11D3-BF4B-00C04F79EFBC}") = "API", "API\API.csproj", "{35886A95-9F2D-429A-AB79-64D3C576C815}"
EndProject
Global
	GlobalSection(SolutionConfigurationPlatforms) = preSolution
		Debug|Any CPU = Debug|Any CPU
		Release|Any CPU = Release|Any CPU
	EndGlobalSection
	GlobalSection(SolutionProperties) = preSolution
		HideSolutionNode = FALSE
	EndGlobalSection
	GlobalSection(ProjectConfigurationPlatforms) = postSolution
		{9D7EA2B8-FC64-4CE4-A572-A49F6B9A3213}.Debug|Any CPU.ActiveCfg = Debug|Any CPU
		{9D7EA2B8-FC64-4CE4-A572-A49F6B9A3213}.Debug|Any CPU.Build.0 = Debug|Any CPU
		{9D7EA2B8-FC64-4CE4-A572-A49F6B9A3213}.Release|Any CPU.ActiveCfg = Release|Any CPU
		{9D7EA2B8-FC64-4CE4-A572-A49F6B9A3213}.Release|Any CPU.Build.0 = Release|Any CPU
		{35886A95-9F2D-429A-AB79-64D3C576C815}.Debug|Any CPU.ActiveCfg = Debug|Any CPU
		{35886A95-9F2D-429A-AB79-64D3C576C815}.Debug|Any CPU.Build.0 = Debug|Any CPU
		{35886A95-9F2D-429A-AB79-64D3C576C815}.Release|Any CPU.ActiveCfg = Release|Any CPU
		{35886A95-9F2D-429A-AB79-64D3C576C815}.Release|Any CPU.Build.0 = Release|Any CPU
	EndGlobalSection
EndGlobal
